// !$*UTF8*$!
{
	archiveVersion = 1;
	classes = {
	};
	objectVersion = 46;
	objects = {

/* Begin PBXBuildFile section */
		694531381F02286D009E1767 /* AppDelegate.swift in Sources */ = {isa = PBXBuildFile; fileRef = 694531371F02286D009E1767 /* AppDelegate.swift */; };
		6945313A1F02286D009E1767 /* ViewController.swift in Sources */ = {isa = PBXBuildFile; fileRef = 694531391F02286D009E1767 /* ViewController.swift */; };
		6945313C1F02286D009E1767 /* Assets.xcassets in Resources */ = {isa = PBXBuildFile; fileRef = 6945313B1F02286D009E1767 /* Assets.xcassets */; };
		6945313F1F02286D009E1767 /* Main.storyboard in Resources */ = {isa = PBXBuildFile; fileRef = 6945313D1F02286D009E1767 /* Main.storyboard */; };
		6945314A1F02286E009E1767 /* NowPlayingTests.swift in Sources */ = {isa = PBXBuildFile; fileRef = 694531491F02286E009E1767 /* NowPlayingTests.swift */; };
		694531551F02286E009E1767 /* NowPlayingUITests.swift in Sources */ = {isa = PBXBuildFile; fileRef = 694531541F02286E009E1767 /* NowPlayingUITests.swift */; };
		694531641F02288E009E1767 /* ScriptingBridge.framework in Frameworks */ = {isa = PBXBuildFile; fileRef = 694531631F02288E009E1767 /* ScriptingBridge.framework */; };
		694531681F023452009E1767 /* UserDefaults.plist in Resources */ = {isa = PBXBuildFile; fileRef = 694531671F023452009E1767 /* UserDefaults.plist */; };
/* End PBXBuildFile section */

/* Begin PBXContainerItemProxy section */
		694531461F02286E009E1767 /* PBXContainerItemProxy */ = {
			isa = PBXContainerItemProxy;
			containerPortal = 6945312C1F02286D009E1767 /* Project object */;
			proxyType = 1;
			remoteGlobalIDString = 694531331F02286D009E1767;
			remoteInfo = NowPlaying;
		};
		694531511F02286E009E1767 /* PBXContainerItemProxy */ = {
			isa = PBXContainerItemProxy;
			containerPortal = 6945312C1F02286D009E1767 /* Project object */;
			proxyType = 1;
			remoteGlobalIDString = 694531331F02286D009E1767;
			remoteInfo = NowPlaying;
		};
/* End PBXContainerItemProxy section */

/* Begin PBXFileReference section */
		694531341F02286D009E1767 /* NowPlaying.app */ = {isa = PBXFileReference; explicitFileType = wrapper.application; includeInIndex = 0; path = NowPlaying.app; sourceTree = BUILT_PRODUCTS_DIR; };
		694531371F02286D009E1767 /* AppDelegate.swift */ = {isa = PBXFileReference; lastKnownFileType = sourcecode.swift; path = AppDelegate.swift; sourceTree = "<group>"; };
		694531391F02286D009E1767 /* ViewController.swift */ = {isa = PBXFileReference; lastKnownFileType = sourcecode.swift; path = ViewController.swift; sourceTree = "<group>"; };
		6945313B1F02286D009E1767 /* Assets.xcassets */ = {isa = PBXFileReference; lastKnownFileType = folder.assetcatalog; path = Assets.xcassets; sourceTree = "<group>"; };
		6945313E1F02286D009E1767 /* Base */ = {isa = PBXFileReference; lastKnownFileType = file.storyboard; name = Base; path = Base.lproj/Main.storyboard; sourceTree = "<group>"; };
		694531401F02286D009E1767 /* Info.plist */ = {isa = PBXFileReference; lastKnownFileType = text.plist.xml; path = Info.plist; sourceTree = "<group>"; };
		694531451F02286E009E1767 /* NowPlayingTests.xctest */ = {isa = PBXFileReference; explicitFileType = wrapper.cfbundle; includeInIndex = 0; path = NowPlayingTests.xctest; sourceTree = BUILT_PRODUCTS_DIR; };
		694531491F02286E009E1767 /* NowPlayingTests.swift */ = {isa = PBXFileReference; lastKnownFileType = sourcecode.swift; path = NowPlayingTests.swift; sourceTree = "<group>"; };
		6945314B1F02286E009E1767 /* Info.plist */ = {isa = PBXFileReference; lastKnownFileType = text.plist.xml; path = Info.plist; sourceTree = "<group>"; };
		694531501F02286E009E1767 /* NowPlayingUITests.xctest */ = {isa = PBXFileReference; explicitFileType = wrapper.cfbundle; includeInIndex = 0; path = NowPlayingUITests.xctest; sourceTree = BUILT_PRODUCTS_DIR; };
		694531541F02286E009E1767 /* NowPlayingUITests.swift */ = {isa = PBXFileReference; lastKnownFileType = sourcecode.swift; path = NowPlayingUITests.swift; sourceTree = "<group>"; };
		694531561F02286E009E1767 /* Info.plist */ = {isa = PBXFileReference; lastKnownFileType = text.plist.xml; path = Info.plist; sourceTree = "<group>"; };
		694531631F02288E009E1767 /* ScriptingBridge.framework */ = {isa = PBXFileReference; lastKnownFileType = wrapper.framework; name = ScriptingBridge.framework; path = System/Library/Frameworks/ScriptingBridge.framework; sourceTree = SDKROOT; };
		694531671F023452009E1767 /* UserDefaults.plist */ = {isa = PBXFileReference; fileEncoding = 4; lastKnownFileType = text.plist.xml; path = UserDefaults.plist; sourceTree = "<group>"; };
/* End PBXFileReference section */

/* Begin PBXFrameworksBuildPhase section */
		694531311F02286D009E1767 /* Frameworks */ = {
			isa = PBXFrameworksBuildPhase;
			buildActionMask = 2147483647;
			files = (
				694531641F02288E009E1767 /* ScriptingBridge.framework in Frameworks */,
			);
			runOnlyForDeploymentPostprocessing = 0;
		};
		694531421F02286E009E1767 /* Frameworks */ = {
			isa = PBXFrameworksBuildPhase;
			buildActionMask = 2147483647;
			files = (
			);
			runOnlyForDeploymentPostprocessing = 0;
		};
		6945314D1F02286E009E1767 /* Frameworks */ = {
			isa = PBXFrameworksBuildPhase;
			buildActionMask = 2147483647;
			files = (
			);
			runOnlyForDeploymentPostprocessing = 0;
		};
/* End PBXFrameworksBuildPhase section */

/* Begin PBXGroup section */
		6945312B1F02286D009E1767 = {
			isa = PBXGroup;
			children = (
				694531361F02286D009E1767 /* NowPlaying */,
				694531481F02286E009E1767 /* NowPlayingTests */,
				694531531F02286E009E1767 /* NowPlayingUITests */,
				694531351F02286D009E1767 /* Products */,
				694531621F02288D009E1767 /* Frameworks */,
			);
			sourceTree = "<group>";
		};
		694531351F02286D009E1767 /* Products */ = {
			isa = PBXGroup;
			children = (
				694531341F02286D009E1767 /* NowPlaying.app */,
				694531451F02286E009E1767 /* NowPlayingTests.xctest */,
				694531501F02286E009E1767 /* NowPlayingUITests.xctest */,
			);
			name = Products;
			sourceTree = "<group>";
		};
		694531361F02286D009E1767 /* NowPlaying */ = {
			isa = PBXGroup;
			children = (
				694531671F023452009E1767 /* UserDefaults.plist */,
				694531371F02286D009E1767 /* AppDelegate.swift */,
				694531391F02286D009E1767 /* ViewController.swift */,
				6945313B1F02286D009E1767 /* Assets.xcassets */,
				6945313D1F02286D009E1767 /* Main.storyboard */,
				694531401F02286D009E1767 /* Info.plist */,
			);
			path = NowPlaying;
			sourceTree = "<group>";
		};
		694531481F02286E009E1767 /* NowPlayingTests */ = {
			isa = PBXGroup;
			children = (
				694531491F02286E009E1767 /* NowPlayingTests.swift */,
				6945314B1F02286E009E1767 /* Info.plist */,
			);
			path = NowPlayingTests;
			sourceTree = "<group>";
		};
		694531531F02286E009E1767 /* NowPlayingUITests */ = {
			isa = PBXGroup;
			children = (
				694531541F02286E009E1767 /* NowPlayingUITests.swift */,
				694531561F02286E009E1767 /* Info.plist */,
			);
			path = NowPlayingUITests;
			sourceTree = "<group>";
		};
		694531621F02288D009E1767 /* Frameworks */ = {
			isa = PBXGroup;
			children = (
				694531631F02288E009E1767 /* ScriptingBridge.framework */,
			);
			name = Frameworks;
			sourceTree = "<group>";
		};
/* End PBXGroup section */

/* Begin PBXNativeTarget section */
		694531331F02286D009E1767 /* NowPlaying */ = {
			isa = PBXNativeTarget;
			buildConfigurationList = 694531591F02286E009E1767 /* Build configuration list for PBXNativeTarget "NowPlaying" */;
			buildPhases = (
				694531301F02286D009E1767 /* Sources */,
				694531311F02286D009E1767 /* Frameworks */,
				694531321F02286D009E1767 /* Resources */,
			);
			buildRules = (
			);
			dependencies = (
			);
			name = NowPlaying;
			productName = NowPlaying;
			productReference = 694531341F02286D009E1767 /* NowPlaying.app */;
			productType = "com.apple.product-type.application";
		};
		694531441F02286E009E1767 /* NowPlayingTests */ = {
			isa = PBXNativeTarget;
			buildConfigurationList = 6945315C1F02286E009E1767 /* Build configuration list for PBXNativeTarget "NowPlayingTests" */;
			buildPhases = (
				694531411F02286E009E1767 /* Sources */,
				694531421F02286E009E1767 /* Frameworks */,
				694531431F02286E009E1767 /* Resources */,
			);
			buildRules = (
			);
			dependencies = (
				694531471F02286E009E1767 /* PBXTargetDependency */,
			);
			name = NowPlayingTests;
			productName = NowPlayingTests;
			productReference = 694531451F02286E009E1767 /* NowPlayingTests.xctest */;
			productType = "com.apple.product-type.bundle.unit-test";
		};
		6945314F1F02286E009E1767 /* NowPlayingUITests */ = {
			isa = PBXNativeTarget;
			buildConfigurationList = 6945315F1F02286E009E1767 /* Build configuration list for PBXNativeTarget "NowPlayingUITests" */;
			buildPhases = (
				6945314C1F02286E009E1767 /* Sources */,
				6945314D1F02286E009E1767 /* Frameworks */,
				6945314E1F02286E009E1767 /* Resources */,
			);
			buildRules = (
			);
			dependencies = (
				694531521F02286E009E1767 /* PBXTargetDependency */,
			);
			name = NowPlayingUITests;
			productName = NowPlayingUITests;
			productReference = 694531501F02286E009E1767 /* NowPlayingUITests.xctest */;
			productType = "com.apple.product-type.bundle.ui-testing";
		};
/* End PBXNativeTarget section */

/* Begin PBXProject section */
		6945312C1F02286D009E1767 /* Project object */ = {
			isa = PBXProject;
			attributes = {
				LastSwiftUpdateCheck = 0820;
				LastUpgradeCheck = 0820;
				ORGANIZATIONNAME = oweleo;
				TargetAttributes = {
					694531331F02286D009E1767 = {
						CreatedOnToolsVersion = 8.2.1;
						ProvisioningStyle = Automatic;
					};
					694531441F02286E009E1767 = {
						CreatedOnToolsVersion = 8.2.1;
						ProvisioningStyle = Automatic;
						TestTargetID = 694531331F02286D009E1767;
					};
					6945314F1F02286E009E1767 = {
						CreatedOnToolsVersion = 8.2.1;
						ProvisioningStyle = Automatic;
						TestTargetID = 694531331F02286D009E1767;
					};
				};
			};
			buildConfigurationList = 6945312F1F02286D009E1767 /* Build configuration list for PBXProject "NowPlaying" */;
			compatibilityVersion = "Xcode 3.2";
			developmentRegion = English;
			hasScannedForEncodings = 0;
			knownRegions = (
				en,
				Base,
			);
			mainGroup = 6945312B1F02286D009E1767;
			productRefGroup = 694531351F02286D009E1767 /* Products */;
			projectDirPath = "";
			projectRoot = "";
			targets = (
				694531331F02286D009E1767 /* NowPlaying */,
				694531441F02286E009E1767 /* NowPlayingTests */,
				6945314F1F02286E009E1767 /* NowPlayingUITests */,
			);
		};
/* End PBXProject section */

/* Begin PBXResourcesBuildPhase section */
		694531321F02286D009E1767 /* Resources */ = {
			isa = PBXResourcesBuildPhase;
			buildActionMask = 2147483647;
			files = (
				6945313C1F02286D009E1767 /* Assets.xcassets in Resources */,
				694531681F023452009E1767 /* UserDefaults.plist in Resources */,
				6945313F1F02286D009E1767 /* Main.storyboard in Resources */,
			);
			runOnlyForDeploymentPostprocessing = 0;
		};
		694531431F02286E009E1767 /* Resources */ = {
			isa = PBXResourcesBuildPhase;
			buildActionMask = 2147483647;
			files = (
			);
			runOnlyForDeploymentPostprocessing = 0;
		};
		6945314E1F02286E009E1767 /* Resources */ = {
			isa = PBXResourcesBuildPhase;
			buildActionMask = 2147483647;
			files = (
			);
			runOnlyForDeploymentPostprocessing = 0;
		};
/* End PBXResourcesBuildPhase section */

/* Begin PBXSourcesBuildPhase section */
		694531301F02286D009E1767 /* Sources */ = {
			isa = PBXSourcesBuildPhase;
			buildActionMask = 2147483647;
			files = (
				6945313A1F02286D009E1767 /* ViewController.swift in Sources */,
				694531381F02286D009E1767 /* AppDelegate.swift in Sources */,
			);
			runOnlyForDeploymentPostprocessing = 0;
		};
		694531411F02286E009E1767 /* Sources */ = {
			isa = PBXSourcesBuildPhase;
			buildActionMask = 2147483647;
			files = (
				6945314A1F02286E009E1767 /* NowPlayingTests.swift in Sources */,
			);
			runOnlyForDeploymentPostprocessing = 0;
		};
		6945314C1F02286E009E1767 /* Sources */ = {
			isa = PBXSourcesBuildPhase;
			buildActionMask = 2147483647;
			files = (
				694531551F02286E009E1767 /* NowPlayingUITests.swift in Sources */,
			);
			runOnlyForDeploymentPostprocessing = 0;
		};
/* End PBXSourcesBuildPhase section */

/* Begin PBXTargetDependency section */
		694531471F02286E009E1767 /* PBXTargetDependency */ = {
			isa = PBXTargetDependency;
			target = 694531331F02286D009E1767 /* NowPlaying */;
			targetProxy = 694531461F02286E009E1767 /* PBXContainerItemProxy */;
		};
		694531521F02286E009E1767 /* PBXTargetDependency */ = {
			isa = PBXTargetDependency;
			target = 694531331F02286D009E1767 /* NowPlaying */;
			targetProxy = 694531511F02286E009E1767 /* PBXContainerItemProxy */;
		};
/* End PBXTargetDependency section */

/* Begin PBXVariantGroup section */
		6945313D1F02286D009E1767 /* Main.storyboard */ = {
			isa = PBXVariantGroup;
			children = (
				6945313E1F02286D009E1767 /* Base */,
			);
			name = Main.storyboard;
			sourceTree = "<group>";
		};
/* End PBXVariantGroup section */

/* Begin XCBuildConfiguration section */
		694531571F02286E009E1767 /* Debug */ = {
			isa = XCBuildConfiguration;
			buildSettings = {
				ALWAYS_SEARCH_USER_PATHS = NO;
				CLANG_ANALYZER_NONNULL = YES;
				CLANG_CXX_LANGUAGE_STANDARD = "gnu++0x";
				CLANG_CXX_LIBRARY = "libc++";
				CLANG_ENABLE_MODULES = YES;
				CLANG_ENABLE_OBJC_ARC = YES;
				CLANG_WARN_BOOL_CONVERSION = YES;
				CLANG_WARN_CONSTANT_CONVERSION = YES;
				CLANG_WARN_DIRECT_OBJC_ISA_USAGE = YES_ERROR;
				CLANG_WARN_DOCUMENTATION_COMMENTS = YES;
				CLANG_WARN_EMPTY_BODY = YES;
				CLANG_WARN_ENUM_CONVERSION = YES;
				CLANG_WARN_INFINITE_RECURSION = YES;
				CLANG_WARN_INT_CONVERSION = YES;
				CLANG_WARN_OBJC_ROOT_CLASS = YES_ERROR;
				CLANG_WARN_SUSPICIOUS_MOVE = YES;
				CLANG_WARN_UNREACHABLE_CODE = YES;
				CLANG_WARN__DUPLICATE_METHOD_MATCH = YES;
				CODE_SIGN_IDENTITY = "-";
				COPY_PHASE_STRIP = NO;
				DEBUG_INFORMATION_FORMAT = dwarf;
				ENABLE_STRICT_OBJC_MSGSEND = YES;
				ENABLE_TESTABILITY = YES;
				GCC_C_LANGUAGE_STANDARD = gnu99;
				GCC_DYNAMIC_NO_PIC = NO;
				GCC_NO_COMMON_BLOCKS = YES;
				GCC_OPTIMIZATION_LEVEL = 0;
				GCC_PREPROCESSOR_DEFINITIONS = (
					"DEBUG=1",
					"$(inherited)",
				);
				GCC_WARN_64_TO_32_BIT_CONVERSION = YES;
				GCC_WARN_ABOUT_RETURN_TYPE = YES_ERROR;
				GCC_WARN_UNDECLARED_SELECTOR = YES;
				GCC_WARN_UNINITIALIZED_AUTOS = YES_AGGRESSIVE;
				GCC_WARN_UNUSED_FUNCTION = YES;
				GCC_WARN_UNUSED_VARIABLE = YES;
				MACOSX_DEPLOYMENT_TARGET = 10.12;
				MTL_ENABLE_DEBUG_INFO = YES;
				ONLY_ACTIVE_ARCH = YES;
				SDKROOT = macosx;
				SWIFT_ACTIVE_COMPILATION_CONDITIONS = DEBUG;
				SWIFT_OPTIMIZATION_LEVEL = "-Onone";
			};
			name = Debug;
		};
		694531581F02286E009E1767 /* Release */ = {
			isa = XCBuildConfiguration;
			buildSettings = {
				ALWAYS_SEARCH_USER_PATHS = NO;
				CLANG_ANALYZER_NONNULL = YES;
				CLANG_CXX_LANGUAGE_STANDARD = "gnu++0x";
				CLANG_CXX_LIBRARY = "libc++";
				CLANG_ENABLE_MODULES = YES;
				CLANG_ENABLE_OBJC_ARC = YES;
				CLANG_WARN_BOOL_CONVERSION = YES;
				CLANG_WARN_CONSTANT_CONVERSION = YES;
				CLANG_WARN_DIRECT_OBJC_ISA_USAGE = YES_ERROR;
				CLANG_WARN_DOCUMENTATION_COMMENTS = YES;
				CLANG_WARN_EMPTY_BODY = YES;
				CLANG_WARN_ENUM_CONVERSION = YES;
				CLANG_WARN_INFINITE_RECURSION = YES;
				CLANG_WARN_INT_CONVERSION = YES;
				CLANG_WARN_OBJC_ROOT_CLASS = YES_ERROR;
				CLANG_WARN_SUSPICIOUS_MOVE = YES;
				CLANG_WARN_UNREACHABLE_CODE = YES;
				CLANG_WARN__DUPLICATE_METHOD_MATCH = YES;
				CODE_SIGN_IDENTITY = "-";
				COPY_PHASE_STRIP = NO;
				DEBUG_INFORMATION_FORMAT = "dwarf-with-dsym";
				ENABLE_NS_ASSERTIONS = NO;
				ENABLE_STRICT_OBJC_MSGSEND = YES;
				GCC_C_LANGUAGE_STANDARD = gnu99;
				GCC_NO_COMMON_BLOCKS = YES;
				GCC_WARN_64_TO_32_BIT_CONVERSION = YES;
				GCC_WARN_ABOUT_RETURN_TYPE = YES_ERROR;
				GCC_WARN_UNDECLARED_SELECTOR = YES;
				GCC_WARN_UNINITIALIZED_AUTOS = YES_AGGRESSIVE;
				GCC_WARN_UNUSED_FUNCTION = YES;
				GCC_WARN_UNUSED_VARIABLE = YES;
				MACOSX_DEPLOYMENT_TARGET = 10.12;
				MTL_ENABLE_DEBUG_INFO = NO;
				SDKROOT = macosx;
				SWIFT_OPTIMIZATION_LEVEL = "-Owholemodule";
			};
			name = Release;
		};
		6945315A1F02286E009E1767 /* Debug */ = {
			isa = XCBuildConfiguration;
			buildSettings = {
				ASSETCATALOG_COMPILER_APPICON_NAME = AppIcon;
				COMBINE_HIDPI_IMAGES = YES;
				INFOPLIST_FILE = NowPlaying/Info.plist;
				LD_RUNPATH_SEARCH_PATHS = "$(inherited) @executable_path/../Frameworks";
				PRODUCT_BUNDLE_IDENTIFIER = com.oweleo.NowPlaying;
				PRODUCT_NAME = "$(TARGET_NAME)";
				SWIFT_VERSION = 3.0;
			};
			name = Debug;
		};
		6945315B1F02286E009E1767 /* Release */ = {
			isa = XCBuildConfiguration;
			buildSettings = {
				ASSETCATALOG_COMPILER_APPICON_NAME = AppIcon;
				COMBINE_HIDPI_IMAGES = YES;
				INFOPLIST_FILE = NowPlaying/Info.plist;
				LD_RUNPATH_SEARCH_PATHS = "$(inherited) @executable_path/../Frameworks";
				PRODUCT_BUNDLE_IDENTIFIER = com.oweleo.NowPlaying;
				PRODUCT_NAME = "$(TARGET_NAME)";
				SWIFT_VERSION = 3.0;
			};
			name = Release;
		};
		6945315D1F02286E009E1767 /* Debug */ = {
			isa = XCBuildConfiguration;
			buildSettings = {
				ALWAYS_EMBED_SWIFT_STANDARD_LIBRARIES = YES;
				BUNDLE_LOADER = "$(TEST_HOST)";
				COMBINE_HIDPI_IMAGES = YES;
				INFOPLIST_FILE = NowPlayingTests/Info.plist;
				LD_RUNPATH_SEARCH_PATHS = "$(inherited) @executable_path/../Frameworks @loader_path/../Frameworks";
				PRODUCT_BUNDLE_IDENTIFIER = com.oweleo.NowPlayingTests;
				PRODUCT_NAME = "$(TARGET_NAME)";
				SWIFT_VERSION = 3.0;
				TEST_HOST = "$(BUILT_PRODUCTS_DIR)/NowPlaying.app/Contents/MacOS/NowPlaying";
			};
			name = Debug;
		};
		6945315E1F02286E009E1767 /* Release */ = {
			isa = XCBuildConfiguration;
			buildSettings = {
				ALWAYS_EMBED_SWIFT_STANDARD_LIBRARIES = YES;
				BUNDLE_LOADER = "$(TEST_HOST)";
				COMBINE_HIDPI_IMAGES = YES;
				INFOPLIST_FILE = NowPlayingTests/Info.plist;
				LD_RUNPATH_SEARCH_PATHS = "$(inherited) @executable_path/../Frameworks @loader_path/../Frameworks";
				PRODUCT_BUNDLE_IDENTIFIER = com.oweleo.NowPlayingTests;
				PRODUCT_NAME = "$(TARGET_NAME)";
				SWIFT_VERSION = 3.0;
				TEST_HOST = "$(BUILT_PRODUCTS_DIR)/NowPlaying.app/Contents/MacOS/NowPlaying";
			};
			name = Release;
		};
		694531601F02286E009E1767 /* Debug */ = {
			isa = XCBuildConfiguration;
			buildSettings = {
				ALWAYS_EMBED_SWIFT_STANDARD_LIBRARIES = YES;
				COMBINE_HIDPI_IMAGES = YES;
				INFOPLIST_FILE = NowPlayingUITests/Info.plist;
				LD_RUNPATH_SEARCH_PATHS = "$(inherited) @executable_path/../Frameworks @loader_path/../Frameworks";
				PRODUCT_BUNDLE_IDENTIFIER = com.oweleo.NowPlayingUITests;
				PRODUCT_NAME = "$(TARGET_NAME)";
				SWIFT_VERSION = 3.0;
				TEST_TARGET_NAME = NowPlaying;
			};
			name = Debug;
		};
		694531611F02286E009E1767 /* Release */ = {
			isa = XCBuildConfiguration;
			buildSettings = {
				ALWAYS_EMBED_SWIFT_STANDARD_LIBRARIES = YES;
				COMBINE_HIDPI_IMAGES = YES;
				INFOPLIST_FILE = NowPlayingUITests/Info.plist;
				LD_RUNPATH_SEARCH_PATHS = "$(inherited) @executable_path/../Frameworks @loader_path/../Frameworks";
				PRODUCT_BUNDLE_IDENTIFIER = com.oweleo.NowPlayingUITests;
				PRODUCT_NAME = "$(TARGET_NAME)";
				SWIFT_VERSION = 3.0;
				TEST_TARGET_NAME = NowPlaying;
			};
			name = Release;
		};
/* End XCBuildConfiguration section */

/* Begin XCConfigurationList section */
		6945312F1F02286D009E1767 /* Build configuration list for PBXProject "NowPlaying" */ = {
			isa = XCConfigurationList;
			buildConfigurations = (
				694531571F02286E009E1767 /* Debug */,
				694531581F02286E009E1767 /* Release */,
			);
			defaultConfigurationIsVisible = 0;
			defaultConfigurationName = Release;
		};
		694531591F02286E009E1767 /* Build configuration list for PBXNativeTarget "NowPlaying" */ = {
			isa = XCConfigurationList;
			buildConfigurations = (
				6945315A1F02286E009E1767 /* Debug */,
				6945315B1F02286E009E1767 /* Release */,
			);
			defaultConfigurationIsVisible = 0;
		};
		6945315C1F02286E009E1767 /* Build configuration list for PBXNativeTarget "NowPlayingTests" */ = {
			isa = XCConfigurationList;
			buildConfigurations = (
				6945315D1F02286E009E1767 /* Debug */,
				6945315E1F02286E009E1767 /* Release */,
			);
			defaultConfigurationIsVisible = 0;
		};
		6945315F1F02286E009E1767 /* Build configuration list for PBXNativeTarget "NowPlayingUITests" */ = {
			isa = XCConfigurationList;
			buildConfigurations = (
				694531601F02286E009E1767 /* Debug */,
				694531611F02286E009E1767 /* Release */,
			);
			defaultConfigurationIsVisible = 0;
		};
/* End XCConfigurationList section */
	};
	rootObject = 6945312C1F02286D009E1767 /* Project object */;
}
